
Microsoft Visual Studio Solution File, Format Version 12.00
# Visual Studio Version 16
VisualStudioVersion = 16.0.31605.320
MinimumVisualStudioVersion = 10.0.40219.1
Project("{888888A0-9F3D-457C-B088-3A5042F75D52}") = "Pyscripts_v1", "Pyscripts_v1\Pyscripts_v1.pyproj", "{B3CF6D30-AADA-4B16-A658-664CF3203661}"
EndProject
Global
	GlobalSection(SolutionConfigurationPlatforms) = preSolution
		Debug|Any CPU = Debug|Any CPU
		Release|Any CPU = Release|Any CPU
	EndGlobalSection
	GlobalSection(ProjectConfigurationPlatforms) = postSolution
		{B3CF6D30-AADA-4B16-A658-664CF3203661}.Debug|Any CPU.ActiveCfg = Debug|Any CPU
		{B3CF6D30-AADA-4B16-A658-664CF3203661}.Release|Any CPU.ActiveCfg = Release|Any CPU
	EndGlobalSection
	GlobalSection(SolutionProperties) = preSolution
		HideSolutionNode = FALSE
	EndGlobalSection
	GlobalSection(ExtensibilityGlobals) = postSolution
		SolutionGuid = {080C965C-E286-4427-943A-BD61D631745A}
	EndGlobalSection
EndGlobal
